
Microsoft Visual Studio Solution File, Format Version 12.00
# Visual Studio Version 17
VisualStudioVersion = 17.12.35527.113
MinimumVisualStudioVersion = 10.0.40219.1
Project("{FAE04EC0-301F-11D3-BF4B-00C04F79EFBC}") = "ArgusProjectFeatures", "ArgusProjectFeatures\ArgusProjectFeatures.csproj", "{D3697E80-5557-4F9A-AE05-2786A95A4902}"
EndProject
Project("{FAE04EC0-301F-11D3-BF4B-00C04F79EFBC}") = "ArgusProjectSteps", "ArgusProjectSteps\ArgusProjectSteps.csproj", "{D228A8B2-BB33-42A7-B22C-08360D0BA2A1}"
EndProject
Global
	GlobalSection(SolutionConfigurationPlatforms) = preSolution
		Debug|Any CPU = Debug|Any CPU
		Release|Any CPU = Release|Any CPU
	EndGlobalSection
	GlobalSection(ProjectConfigurationPlatforms) = postSolution
		{D3697E80-5557-4F9A-AE05-2786A95A4902}.Debug|Any CPU.ActiveCfg = Debug|Any CPU
		{D3697E80-5557-4F9A-AE05-2786A95A4902}.Debug|Any CPU.Build.0 = Debug|Any CPU
		{D3697E80-5557-4F9A-AE05-2786A95A4902}.Release|Any CPU.ActiveCfg = Release|Any CPU
		{D3697E80-5557-4F9A-AE05-2786A95A4902}.Release|Any CPU.Build.0 = Release|Any CPU
		{D228A8B2-BB33-42A7-B22C-08360D0BA2A1}.Debug|Any CPU.ActiveCfg = Debug|Any CPU
		{D228A8B2-BB33-42A7-B22C-08360D0BA2A1}.Debug|Any CPU.Build.0 = Debug|Any CPU
		{D228A8B2-BB33-42A7-B22C-08360D0BA2A1}.Release|Any CPU.ActiveCfg = Release|Any CPU
		{D228A8B2-BB33-42A7-B22C-08360D0BA2A1}.Release|Any CPU.Build.0 = Release|Any CPU
	EndGlobalSection
	GlobalSection(SolutionProperties) = preSolution
		HideSolutionNode = FALSE
	EndGlobalSection
EndGlobal
