
Microsoft Visual Studio Solution File, Format Version 12.00
# Visual Studio Version 17
VisualStudioVersion = 17.12.35527.113 d17.12
MinimumVisualStudioVersion = 10.0.40219.1
Project("{FAE04EC0-301F-11D3-BF4B-00C04F79EFBC}") = "ArgusProjectFeatures", "..\ArgusProjectFeatures\ArgusProjectFeatures.csproj", "{388F5FE4-7D8B-439D-8261-971B03546830}"
EndProject
Project("{FAE04EC0-301F-11D3-BF4B-00C04F79EFBC}") = "ArgusProjectSteps", "..\ArgusProjectSteps\ArgusProjectSteps\ArgusProjectSteps.csproj", "{1151CA51-2F1D-491D-9AF5-4AD929E03198}"
EndProject
Global
	GlobalSection(SolutionConfigurationPlatforms) = preSolution
		Debug|Any CPU = Debug|Any CPU
		Release|Any CPU = Release|Any CPU
	EndGlobalSection
	GlobalSection(ProjectConfigurationPlatforms) = postSolution
		{388F5FE4-7D8B-439D-8261-971B03546830}.Debug|Any CPU.ActiveCfg = Debug|Any CPU
		{388F5FE4-7D8B-439D-8261-971B03546830}.Debug|Any CPU.Build.0 = Debug|Any CPU
		{388F5FE4-7D8B-439D-8261-971B03546830}.Release|Any CPU.ActiveCfg = Release|Any CPU
		{388F5FE4-7D8B-439D-8261-971B03546830}.Release|Any CPU.Build.0 = Release|Any CPU
		{1151CA51-2F1D-491D-9AF5-4AD929E03198}.Debug|Any CPU.ActiveCfg = Debug|Any CPU
		{1151CA51-2F1D-491D-9AF5-4AD929E03198}.Debug|Any CPU.Build.0 = Debug|Any CPU
		{1151CA51-2F1D-491D-9AF5-4AD929E03198}.Release|Any CPU.ActiveCfg = Release|Any CPU
		{1151CA51-2F1D-491D-9AF5-4AD929E03198}.Release|Any CPU.Build.0 = Release|Any CPU
	EndGlobalSection
	GlobalSection(SolutionProperties) = preSolution
		HideSolutionNode = FALSE
	EndGlobalSection
EndGlobal
